
Microsoft Visual Studio Solution File, Format Version 12.00
# Visual Studio Version 16
VisualStudioVersion = 16.0.33130.400
MinimumVisualStudioVersion = 10.0.40219.1
Project("{FAE04EC0-301F-11D3-BF4B-00C04F79EFBC}") = "Unsplash Free Image Search", "Unsplash Free Image Search\Unsplash Free Image Search.csproj", "{CAD8F8EA-7BC7-420B-94D6-3CBF98F57DCF}"
EndProject
Project("{FAE04EC0-301F-11D3-BF4B-00C04F79EFBC}") = "Unsplash Free Image SearchWeb", "Unsplash Free Image SearchWeb\Unsplash Free Image SearchWeb.csproj", "{8E6680E8-5EF4-4BD1-9C3F-B4DF3DB7E038}"
EndProject
Global
	GlobalSection(SolutionConfigurationPlatforms) = preSolution
		Debug|Any CPU = Debug|Any CPU
		Release|Any CPU = Release|Any CPU
	EndGlobalSection
	GlobalSection(ProjectConfigurationPlatforms) = postSolution
		{CAD8F8EA-7BC7-420B-94D6-3CBF98F57DCF}.Debug|Any CPU.ActiveCfg = Debug|Any CPU
		{CAD8F8EA-7BC7-420B-94D6-3CBF98F57DCF}.Debug|Any CPU.Build.0 = Debug|Any CPU
		{CAD8F8EA-7BC7-420B-94D6-3CBF98F57DCF}.Debug|Any CPU.Deploy.0 = Debug|Any CPU
		{CAD8F8EA-7BC7-420B-94D6-3CBF98F57DCF}.Release|Any CPU.ActiveCfg = Release|Any CPU
		{CAD8F8EA-7BC7-420B-94D6-3CBF98F57DCF}.Release|Any CPU.Build.0 = Release|Any CPU
		{CAD8F8EA-7BC7-420B-94D6-3CBF98F57DCF}.Release|Any CPU.Deploy.0 = Release|Any CPU
		{8E6680E8-5EF4-4BD1-9C3F-B4DF3DB7E038}.Debug|Any CPU.ActiveCfg = Debug|Any CPU
		{8E6680E8-5EF4-4BD1-9C3F-B4DF3DB7E038}.Debug|Any CPU.Build.0 = Debug|Any CPU
		{8E6680E8-5EF4-4BD1-9C3F-B4DF3DB7E038}.Release|Any CPU.ActiveCfg = Release|Any CPU
		{8E6680E8-5EF4-4BD1-9C3F-B4DF3DB7E038}.Release|Any CPU.Build.0 = Release|Any CPU
	EndGlobalSection
	GlobalSection(SolutionProperties) = preSolution
		HideSolutionNode = FALSE
	EndGlobalSection
	GlobalSection(ExtensibilityGlobals) = postSolution
		SolutionGuid = {959A875D-6CDE-4747-916A-906C30F21339}
	EndGlobalSection
EndGlobal
